{
    "name": "firefox-languages",
    "version": "1.0.0",
    "lockfileVersion": 3,
    "requires": true,
    "packages": {
        "": {
            "name": "firefox-languages",
            "version": "1.0.0",
            "license": "ISC",
            "dependencies": {
                "cldr-localenames-full": "^46.1.0",
                "cldr-misc-full": "^46.1.0"
            },
            "devDependencies": {}
        },
        "node_modules/cldr-core": {
            "version": "46.1.0",
            "resolved": "https://registry.npmjs.org/cldr-core/-/cldr-core-46.1.0.tgz",
            "integrity": "sha512-YWIbxgpO6fUais+FIm6Stl/KoAAhNJx4wDg2sg06QxK6GQ+i1iwdpCiyIJ7CTWduRuqUmRoaYpL/n5/8Q8ywxg==",
            "license": "Unicode-3.0",
            "peer": true
        },
        "node_modules/cldr-localenames-full": {
            "version": "46.1.0",
            "resolved": "https://registry.npmjs.org/cldr-localenames-full/-/cldr-localenames-full-46.1.0.tgz",
            "integrity": "sha512-Er0ymSdvfy3hHzEYdDM/VZSh8ob73JiTXWT1x86l8pfrYPTiKymxmZZ/5zDIrorzBuljRvdF97TZ43L6F/a8Tw==",
            "license": "Unicode-3.0",
            "peerDependencies": {
                "cldr-core": "46.1.0"
            }
        },
        "node_modules/cldr-misc-full": {
            "version": "46.1.0",
            "resolved": "https://registry.npmjs.org/cldr-misc-full/-/cldr-misc-full-46.1.0.tgz",
            "integrity": "sha512-Prawv8u9yxXp0sQ+5qEVK/Rakv+Fl7hw9PFK1YFnnGAEJWH3BtzkNG4VST4e2pW2yzIbXW2bstzIY9iYI8OgVg==",
            "license": "Unicode-3.0",
            "peerDependencies": {
                "cldr-core": "46.1.0"
            }
        }
    }
}
