{
    "name": "firefox-languages",
    "version": "1.0.0",
    "lockfileVersion": 2,
    "requires": true,
    "packages": {
        "": {
            "version": "1.0.0",
            "license": "ISC",
            "dependencies": {
                "cldr-localenames-full": "^38.1.0",
                "cldr-misc-full": "^38.1.0"
            },
            "devDependencies": {}
        },
        "node_modules/cldr-core": {
            "version": "38.1.0",
            "resolved": "https://registry.npmjs.org/cldr-core/-/cldr-core-38.1.0.tgz",
            "integrity": "sha512-Da9xKjDp4qGGIX0VDsBqTan09iR5nuYD2a/KkfEaUyqKhu6wFVNRiCpPDXeRbpVwPBY6PgemV8WiHatMhcpy4A==",
            "peer": true
        },
        "node_modules/cldr-localenames-full": {
            "version": "38.1.0",
            "resolved": "https://registry.npmjs.org/cldr-localenames-full/-/cldr-localenames-full-38.1.0.tgz",
            "integrity": "sha512-3npom64lc2K5uj2pXApmyi4t3wSuVFZu6xRJN9RzxUZEnQ3HYzojPnOPrbzteLxEjyOLDSvaPK19Gh7PGolF4w==",
            "license": "Unicode-DFS-2016",
            "peerDependencies": {
                "cldr-core": "38.1.0"
            }
        },
        "node_modules/cldr-misc-full": {
            "version": "38.1.0",
            "resolved": "https://registry.npmjs.org/cldr-misc-full/-/cldr-misc-full-38.1.0.tgz",
            "integrity": "sha512-Ya+eV+ho1R5odZyTzbCL31mmEIlcKA0QaE9+mN+NFQKsPB8+OJmFe/iBIrvHsJkSkT4MWxXe+08yDoIsrMzf1A==",
            "peerDependencies": {
                "cldr-core": "38.1.0"
            }
        }
    },
    "dependencies": {
        "cldr-core": {
            "version": "38.1.0",
            "resolved": "https://registry.npmjs.org/cldr-core/-/cldr-core-38.1.0.tgz",
            "integrity": "sha512-Da9xKjDp4qGGIX0VDsBqTan09iR5nuYD2a/KkfEaUyqKhu6wFVNRiCpPDXeRbpVwPBY6PgemV8WiHatMhcpy4A==",
            "peer": true
        },
        "cldr-localenames-full": {
            "version": "38.1.0",
            "resolved": "https://registry.npmjs.org/cldr-localenames-full/-/cldr-localenames-full-38.1.0.tgz",
            "integrity": "sha512-3npom64lc2K5uj2pXApmyi4t3wSuVFZu6xRJN9RzxUZEnQ3HYzojPnOPrbzteLxEjyOLDSvaPK19Gh7PGolF4w==",
            "requires": {}
        },
        "cldr-misc-full": {
            "version": "38.1.0",
            "resolved": "https://registry.npmjs.org/cldr-misc-full/-/cldr-misc-full-38.1.0.tgz",
            "integrity": "sha512-Ya+eV+ho1R5odZyTzbCL31mmEIlcKA0QaE9+mN+NFQKsPB8+OJmFe/iBIrvHsJkSkT4MWxXe+08yDoIsrMzf1A==",
            "requires": {}
        }
    }
}
