{
    "name": "firefox-languages",
    "version": "1.0.0",
    "lockfileVersion": 2,
    "requires": true,
    "packages": {
        "": {
            "name": "firefox-languages",
            "version": "1.0.0",
            "license": "ISC",
            "dependencies": {
                "cldr-localenames-full": "^40.0.0",
                "cldr-misc-full": "^40.0.0"
            },
            "devDependencies": {}
        },
        "node_modules/cldr-core": {
            "version": "40.0.0",
            "resolved": "https://registry.npmjs.org/cldr-core/-/cldr-core-40.0.0.tgz",
            "integrity": "sha512-0nmiOR9I2ImfspRTvFhzF7uXYtVCnHMYULrIncArrsnICUxNnZVEJ6pHPRUtB3J8i4VkwQQMRcs9yl4+wxVP4g==",
            "peer": true
        },
        "node_modules/cldr-localenames-full": {
            "version": "40.0.0",
            "resolved": "https://registry.npmjs.org/cldr-localenames-full/-/cldr-localenames-full-40.0.0.tgz",
            "integrity": "sha512-3P7MI2IYKRQMRztl5UQXiUzqTjg5otwvR9vCfLNrmWSusyVkpgv8xtL5EHxpvPm9Qub61fe6LNpNXINOXEO2Ow==",
            "peerDependencies": {
                "cldr-core": "40.0.0"
            }
        },
        "node_modules/cldr-misc-full": {
            "version": "40.0.0",
            "resolved": "https://registry.npmjs.org/cldr-misc-full/-/cldr-misc-full-40.0.0.tgz",
            "integrity": "sha512-uLr834LzY4LTTbW6wkRtWcvTnpHiLQZ2r/lZsAVYNZJbQOQCm2iN5hMFtpKmpViho6nvPViRqDfvKu//jDyOFQ==",
            "peerDependencies": {
                "cldr-core": "40.0.0"
            }
        }
    },
    "dependencies": {
        "cldr-core": {
            "version": "40.0.0",
            "resolved": "https://registry.npmjs.org/cldr-core/-/cldr-core-40.0.0.tgz",
            "integrity": "sha512-0nmiOR9I2ImfspRTvFhzF7uXYtVCnHMYULrIncArrsnICUxNnZVEJ6pHPRUtB3J8i4VkwQQMRcs9yl4+wxVP4g==",
            "peer": true
        },
        "cldr-localenames-full": {
            "version": "40.0.0",
            "resolved": "https://registry.npmjs.org/cldr-localenames-full/-/cldr-localenames-full-40.0.0.tgz",
            "integrity": "sha512-3P7MI2IYKRQMRztl5UQXiUzqTjg5otwvR9vCfLNrmWSusyVkpgv8xtL5EHxpvPm9Qub61fe6LNpNXINOXEO2Ow==",
            "requires": {}
        },
        "cldr-misc-full": {
            "version": "40.0.0",
            "resolved": "https://registry.npmjs.org/cldr-misc-full/-/cldr-misc-full-40.0.0.tgz",
            "integrity": "sha512-uLr834LzY4LTTbW6wkRtWcvTnpHiLQZ2r/lZsAVYNZJbQOQCm2iN5hMFtpKmpViho6nvPViRqDfvKu//jDyOFQ==",
            "requires": {}
        }
    }
}
